
Microsoft Visual Studio Solution File, Format Version 10.00
# Visual Studio 2008
# SharpDevelop 3.2.1.6466
Project("{FAE04EC0-301F-11D3-BF4B-00C04F79EFBC}") = "valPresage", "valPresage\valPresage.csproj", "{CDF8689C-FF0B-41E4-8C03-4C96A7B4D116}"
EndProject
Project("{FAE04EC0-301F-11D3-BF4B-00C04F79EFBC}") = "GraphicsProvider", "GraphicsProvider\GraphicsProvider.csproj", "{FF1D8967-0473-45E0-AD25-2220C02153AF}"
EndProject
Project("{FAE04EC0-301F-11D3-BF4B-00C04F79EFBC}") = "GraphicsInterface", "GraphicsInterface\GraphicsInterface.csproj", "{DED0BC7E-636E-4E31-8F82-7692AAF0A49F}"
EndProject
Project("{FAE04EC0-301F-11D3-BF4B-00C04F79EFBC}") = "DataProvider", "DataProvider\DataProvider.csproj", "{4E1F5D9A-90A5-47CA-AE07-869868AAAC64}"
EndProject
Project("{FAE04EC0-301F-11D3-BF4B-00C04F79EFBC}") = "DataInterface", "DataInterface\DataInterface.csproj", "{960FB1F5-15A9-48E7-88FE-21FC99D5FC82}"
EndProject
Project("{FAE04EC0-301F-11D3-BF4B-00C04F79EFBC}") = "HttpProvider", "HttpProvider\HttpProvider.csproj", "{CC68398D-838C-446E-AEAC-AE4AB22CCB30}"
EndProject
Project("{2150E333-8FDC-42A3-9474-1A3956D46DE8}") = "Plugins", "Plugins", "{C49595D7-FC3C-4B4D-9C1A-88CA67D442AF}"
	ProjectSection(SolutionItems) = postProject
	EndProjectSection
EndProject
Project("{FAE04EC0-301F-11D3-BF4B-00C04F79EFBC}") = "Volume", "Plugins\Volume\Volume.csproj", "{1F58D6A3-E61C-4D50-8400-B4806C688D2D}"
EndProject
Project("{FAE04EC0-301F-11D3-BF4B-00C04F79EFBC}") = "NullSubChart", "Plugins\NullSubChart\NullSubChart.csproj", "{9B0BB806-B945-42C6-A24B-FE944805D19B}"
EndProject
Project("{FAE04EC0-301F-11D3-BF4B-00C04F79EFBC}") = "Line", "Plugins\Line\Line.csproj", "{3C7C73E5-B55E-4C70-AF4F-3617FC91553C}"
EndProject
Project("{FAE04EC0-301F-11D3-BF4B-00C04F79EFBC}") = "Text", "Plugins\Text\Text.csproj", "{AF52F7B0-F2F4-41D0-90F1-BB8EEE34738A}"
EndProject
Project("{FAE04EC0-301F-11D3-BF4B-00C04F79EFBC}") = "GraphicsNull", "Plugins\GraphicsNull\GraphicsNull.csproj", "{999AAC3A-F1A5-4E1C-A781-F36680831B19}"
EndProject
Project("{FAE04EC0-301F-11D3-BF4B-00C04F79EFBC}") = "DataNull", "Plugins\DataNull\DataNull.csproj", "{ED1FFF3B-7056-4018-BD25-9A40ABF8183C}"
EndProject
Project("{FAE04EC0-301F-11D3-BF4B-00C04F79EFBC}") = "SMA", "Plugins\SMA\SMA.csproj", "{BB91E4F0-5F76-4496-8472-8B418565C708}"
EndProject
Project("{FAE04EC0-301F-11D3-BF4B-00C04F79EFBC}") = "ExpressionTree", "ExpressionTree\ExpressionTree.csproj", "{7B35646C-CA92-4918-970E-B8184054C005}"
EndProject
Global
	GlobalSection(SolutionConfigurationPlatforms) = preSolution
		Debug|Any CPU = Debug|Any CPU
		Release|Any CPU = Release|Any CPU
	EndGlobalSection
	GlobalSection(ProjectConfigurationPlatforms) = postSolution
		{CDF8689C-FF0B-41E4-8C03-4C96A7B4D116}.Debug|Any CPU.Build.0 = Debug|Any CPU
		{CDF8689C-FF0B-41E4-8C03-4C96A7B4D116}.Debug|Any CPU.ActiveCfg = Debug|Any CPU
		{CDF8689C-FF0B-41E4-8C03-4C96A7B4D116}.Release|Any CPU.Build.0 = Release|Any CPU
		{CDF8689C-FF0B-41E4-8C03-4C96A7B4D116}.Release|Any CPU.ActiveCfg = Release|Any CPU
		{FF1D8967-0473-45E0-AD25-2220C02153AF}.Debug|Any CPU.Build.0 = Debug|Any CPU
		{FF1D8967-0473-45E0-AD25-2220C02153AF}.Debug|Any CPU.ActiveCfg = Debug|Any CPU
		{FF1D8967-0473-45E0-AD25-2220C02153AF}.Release|Any CPU.Build.0 = Release|Any CPU
		{FF1D8967-0473-45E0-AD25-2220C02153AF}.Release|Any CPU.ActiveCfg = Release|Any CPU
		{DED0BC7E-636E-4E31-8F82-7692AAF0A49F}.Debug|Any CPU.Build.0 = Debug|Any CPU
		{DED0BC7E-636E-4E31-8F82-7692AAF0A49F}.Debug|Any CPU.ActiveCfg = Debug|Any CPU
		{DED0BC7E-636E-4E31-8F82-7692AAF0A49F}.Release|Any CPU.Build.0 = Release|Any CPU
		{DED0BC7E-636E-4E31-8F82-7692AAF0A49F}.Release|Any CPU.ActiveCfg = Release|Any CPU
		{4E1F5D9A-90A5-47CA-AE07-869868AAAC64}.Debug|Any CPU.Build.0 = Debug|Any CPU
		{4E1F5D9A-90A5-47CA-AE07-869868AAAC64}.Debug|Any CPU.ActiveCfg = Debug|Any CPU
		{4E1F5D9A-90A5-47CA-AE07-869868AAAC64}.Release|Any CPU.Build.0 = Release|Any CPU
		{4E1F5D9A-90A5-47CA-AE07-869868AAAC64}.Release|Any CPU.ActiveCfg = Release|Any CPU
		{960FB1F5-15A9-48E7-88FE-21FC99D5FC82}.Debug|Any CPU.Build.0 = Debug|Any CPU
		{960FB1F5-15A9-48E7-88FE-21FC99D5FC82}.Debug|Any CPU.ActiveCfg = Debug|Any CPU
		{960FB1F5-15A9-48E7-88FE-21FC99D5FC82}.Release|Any CPU.Build.0 = Release|Any CPU
		{960FB1F5-15A9-48E7-88FE-21FC99D5FC82}.Release|Any CPU.ActiveCfg = Release|Any CPU
		{CC68398D-838C-446E-AEAC-AE4AB22CCB30}.Debug|Any CPU.Build.0 = Debug|Any CPU
		{CC68398D-838C-446E-AEAC-AE4AB22CCB30}.Debug|Any CPU.ActiveCfg = Debug|Any CPU
		{CC68398D-838C-446E-AEAC-AE4AB22CCB30}.Release|Any CPU.Build.0 = Release|Any CPU
		{CC68398D-838C-446E-AEAC-AE4AB22CCB30}.Release|Any CPU.ActiveCfg = Release|Any CPU
		{999AAC3A-F1A5-4E1C-A781-F36680831B19}.Debug|Any CPU.Build.0 = Debug|Any CPU
		{999AAC3A-F1A5-4E1C-A781-F36680831B19}.Debug|Any CPU.ActiveCfg = Debug|Any CPU
		{999AAC3A-F1A5-4E1C-A781-F36680831B19}.Release|Any CPU.Build.0 = Release|Any CPU
		{999AAC3A-F1A5-4E1C-A781-F36680831B19}.Release|Any CPU.ActiveCfg = Release|Any CPU
		{ED1FFF3B-7056-4018-BD25-9A40ABF8183C}.Debug|Any CPU.Build.0 = Debug|Any CPU
		{ED1FFF3B-7056-4018-BD25-9A40ABF8183C}.Debug|Any CPU.ActiveCfg = Debug|Any CPU
		{ED1FFF3B-7056-4018-BD25-9A40ABF8183C}.Release|Any CPU.Build.0 = Release|Any CPU
		{ED1FFF3B-7056-4018-BD25-9A40ABF8183C}.Release|Any CPU.ActiveCfg = Release|Any CPU
		{AF52F7B0-F2F4-41D0-90F1-BB8EEE34738A}.Debug|Any CPU.Build.0 = Debug|Any CPU
		{AF52F7B0-F2F4-41D0-90F1-BB8EEE34738A}.Debug|Any CPU.ActiveCfg = Debug|Any CPU
		{AF52F7B0-F2F4-41D0-90F1-BB8EEE34738A}.Release|Any CPU.Build.0 = Release|Any CPU
		{AF52F7B0-F2F4-41D0-90F1-BB8EEE34738A}.Release|Any CPU.ActiveCfg = Release|Any CPU
		{3C7C73E5-B55E-4C70-AF4F-3617FC91553C}.Debug|Any CPU.Build.0 = Debug|Any CPU
		{3C7C73E5-B55E-4C70-AF4F-3617FC91553C}.Debug|Any CPU.ActiveCfg = Debug|Any CPU
		{3C7C73E5-B55E-4C70-AF4F-3617FC91553C}.Release|Any CPU.Build.0 = Release|Any CPU
		{3C7C73E5-B55E-4C70-AF4F-3617FC91553C}.Release|Any CPU.ActiveCfg = Release|Any CPU
		{BB91E4F0-5F76-4496-8472-8B418565C708}.Debug|Any CPU.Build.0 = Debug|Any CPU
		{BB91E4F0-5F76-4496-8472-8B418565C708}.Debug|Any CPU.ActiveCfg = Debug|Any CPU
		{BB91E4F0-5F76-4496-8472-8B418565C708}.Release|Any CPU.Build.0 = Release|Any CPU
		{BB91E4F0-5F76-4496-8472-8B418565C708}.Release|Any CPU.ActiveCfg = Release|Any CPU
		{9B0BB806-B945-42C6-A24B-FE944805D19B}.Debug|Any CPU.Build.0 = Debug|Any CPU
		{9B0BB806-B945-42C6-A24B-FE944805D19B}.Debug|Any CPU.ActiveCfg = Debug|Any CPU
		{9B0BB806-B945-42C6-A24B-FE944805D19B}.Release|Any CPU.Build.0 = Release|Any CPU
		{9B0BB806-B945-42C6-A24B-FE944805D19B}.Release|Any CPU.ActiveCfg = Release|Any CPU
		{1F58D6A3-E61C-4D50-8400-B4806C688D2D}.Debug|Any CPU.Build.0 = Debug|Any CPU
		{1F58D6A3-E61C-4D50-8400-B4806C688D2D}.Debug|Any CPU.ActiveCfg = Debug|Any CPU
		{1F58D6A3-E61C-4D50-8400-B4806C688D2D}.Release|Any CPU.Build.0 = Release|Any CPU
		{1F58D6A3-E61C-4D50-8400-B4806C688D2D}.Release|Any CPU.ActiveCfg = Release|Any CPU
		{7B35646C-CA92-4918-970E-B8184054C005}.Debug|Any CPU.Build.0 = Debug|x86
		{7B35646C-CA92-4918-970E-B8184054C005}.Debug|Any CPU.ActiveCfg = Debug|x86
		{7B35646C-CA92-4918-970E-B8184054C005}.Release|Any CPU.Build.0 = Release|x86
		{7B35646C-CA92-4918-970E-B8184054C005}.Release|Any CPU.ActiveCfg = Release|x86
	EndGlobalSection
	GlobalSection(NestedProjects) = preSolution
		{BB91E4F0-5F76-4496-8472-8B418565C708} = {C49595D7-FC3C-4B4D-9C1A-88CA67D442AF}
		{ED1FFF3B-7056-4018-BD25-9A40ABF8183C} = {C49595D7-FC3C-4B4D-9C1A-88CA67D442AF}
		{999AAC3A-F1A5-4E1C-A781-F36680831B19} = {C49595D7-FC3C-4B4D-9C1A-88CA67D442AF}
		{AF52F7B0-F2F4-41D0-90F1-BB8EEE34738A} = {C49595D7-FC3C-4B4D-9C1A-88CA67D442AF}
		{3C7C73E5-B55E-4C70-AF4F-3617FC91553C} = {C49595D7-FC3C-4B4D-9C1A-88CA67D442AF}
		{9B0BB806-B945-42C6-A24B-FE944805D19B} = {C49595D7-FC3C-4B4D-9C1A-88CA67D442AF}
		{1F58D6A3-E61C-4D50-8400-B4806C688D2D} = {C49595D7-FC3C-4B4D-9C1A-88CA67D442AF}
	EndGlobalSection
EndGlobal
