
Microsoft Visual Studio Solution File, Format Version 10.00
# Visual Studio 2008
# SharpDevelop 3.1.0.4977
Project("{FAE04EC0-301F-11D3-BF4B-00C04F79EFBC}") = "ParseProject", "ParseProject\ParseProject.csproj", "{305259E0-0126-456B-AAD2-8E03E4BA048B}"
EndProject
Global
	GlobalSection(SolutionConfigurationPlatforms) = preSolution
		Debug|x86 = Debug|x86
		Release|x86 = Release|x86
	EndGlobalSection
	GlobalSection(ProjectConfigurationPlatforms) = postSolution
		{305259E0-0126-456B-AAD2-8E03E4BA048B}.Debug|x86.Build.0 = Debug|x86
		{305259E0-0126-456B-AAD2-8E03E4BA048B}.Debug|x86.ActiveCfg = Debug|x86
		{305259E0-0126-456B-AAD2-8E03E4BA048B}.Release|x86.Build.0 = Release|x86
		{305259E0-0126-456B-AAD2-8E03E4BA048B}.Release|x86.ActiveCfg = Release|x86
	EndGlobalSection
EndGlobal
